
Microsoft Visual Studio Solution File, Format Version 12.00
# Visual Studio 15
VisualStudioVersion = 15.0.28307.421
MinimumVisualStudioVersion = 10.0.40219.1
Project("{FAE04EC0-301F-11D3-BF4B-00C04F79EFBC}") = "Acosta_CPRG214_Lab1", "Acosta_CPRG214_Lab1\Acosta_CPRG214_Lab1.csproj", "{F2D318A3-0657-41E6-95AA-30B65697220E}"
EndProject
Project("{FAE04EC0-301F-11D3-BF4B-00C04F79EFBC}") = "MarinaDL", "MarinaDL\MarinaDL.csproj", "{2A122ECC-2363-4C16-836B-79FCFA71A183}"
EndProject
Project("{FAE04EC0-301F-11D3-BF4B-00C04F79EFBC}") = "MarinaBL", "MarinaBL\MarinaBL.csproj", "{FC35237B-233C-4D7A-B20E-AC1E284C7A5E}"
EndProject
Global
	GlobalSection(SolutionConfigurationPlatforms) = preSolution
		Debug|Any CPU = Debug|Any CPU
		Release|Any CPU = Release|Any CPU
	EndGlobalSection
	GlobalSection(ProjectConfigurationPlatforms) = postSolution
		{F2D318A3-0657-41E6-95AA-30B65697220E}.Debug|Any CPU.ActiveCfg = Debug|Any CPU
		{F2D318A3-0657-41E6-95AA-30B65697220E}.Debug|Any CPU.Build.0 = Debug|Any CPU
		{F2D318A3-0657-41E6-95AA-30B65697220E}.Release|Any CPU.ActiveCfg = Release|Any CPU
		{F2D318A3-0657-41E6-95AA-30B65697220E}.Release|Any CPU.Build.0 = Release|Any CPU
		{2A122ECC-2363-4C16-836B-79FCFA71A183}.Debug|Any CPU.ActiveCfg = Debug|Any CPU
		{2A122ECC-2363-4C16-836B-79FCFA71A183}.Debug|Any CPU.Build.0 = Debug|Any CPU
		{2A122ECC-2363-4C16-836B-79FCFA71A183}.Release|Any CPU.ActiveCfg = Release|Any CPU
		{2A122ECC-2363-4C16-836B-79FCFA71A183}.Release|Any CPU.Build.0 = Release|Any CPU
		{FC35237B-233C-4D7A-B20E-AC1E284C7A5E}.Debug|Any CPU.ActiveCfg = Debug|Any CPU
		{FC35237B-233C-4D7A-B20E-AC1E284C7A5E}.Debug|Any CPU.Build.0 = Debug|Any CPU
		{FC35237B-233C-4D7A-B20E-AC1E284C7A5E}.Release|Any CPU.ActiveCfg = Release|Any CPU
		{FC35237B-233C-4D7A-B20E-AC1E284C7A5E}.Release|Any CPU.Build.0 = Release|Any CPU
	EndGlobalSection
	GlobalSection(SolutionProperties) = preSolution
		HideSolutionNode = FALSE
	EndGlobalSection
	GlobalSection(ExtensibilityGlobals) = postSolution
		SolutionGuid = {688E2AA7-9DEA-4CD5-880E-6B05FA1835BF}
	EndGlobalSection
EndGlobal
